{
  "name": "ncc-bug",
  "version": "1.0.0",
  "lockfileVersion": 1,
  "requires": true,
  "dependencies": {
    "@vercel/ncc": {
      "version": "0.28.6",
      "resolved": "http://artifactory.mheducation.com/artifactory/api/npm/npm-virtual/@vercel/ncc/-/ncc-0.28.6.tgz",
      "integrity": "sha1-BzwM6OAmkhDAqfGA+wv5Se7MIOA=",
      "dev": true
    },
    "typescript": {
      "version": "4.3.2",
      "resolved": "http://artifactory.mheducation.com/artifactory/api/npm/npm-virtual/typescript/-/typescript-4.3.2.tgz",
      "integrity": "sha1-OZqxiqxFgC1vJJjeUFT8u+cWqAU=",
      "dev": true
    }
  }
}
